
Microsoft Visual Studio Solution File, Format Version 12.00
Project("{FAE04EC0-301F-11D3-BF4B-00C04F79EFBC}") = "lab 11", "lab 11\lab 11.csproj", "{7124E7AB-B596-48C9-B86D-CC9CAEE09848}"
EndProject
Global
	GlobalSection(SolutionConfigurationPlatforms) = preSolution
		Debug|Any CPU = Debug|Any CPU
		Release|Any CPU = Release|Any CPU
	EndGlobalSection
	GlobalSection(ProjectConfigurationPlatforms) = postSolution
		{7124E7AB-B596-48C9-B86D-CC9CAEE09848}.Debug|Any CPU.ActiveCfg = Debug|Any CPU
		{7124E7AB-B596-48C9-B86D-CC9CAEE09848}.Debug|Any CPU.Build.0 = Debug|Any CPU
		{7124E7AB-B596-48C9-B86D-CC9CAEE09848}.Release|Any CPU.ActiveCfg = Release|Any CPU
		{7124E7AB-B596-48C9-B86D-CC9CAEE09848}.Release|Any CPU.Build.0 = Release|Any CPU
	EndGlobalSection
EndGlobal
